// !$*UTF8*$!
{
	archiveVersion = 1;
	classes = {
	};
	objectVersion = 48;
	objects = {

/* Begin PBXBuildFile section */
		5A3AB5D3202ABCD600F7B2C1 /* SwipeDirection.swift in Sources */ = {isa = PBXBuildFile; fileRef = 5A3AB5D2202ABCD600F7B2C1 /* SwipeDirection.swift */; };
		5A8CF24B2029C0BF00A1F24E /* AppDelegate.swift in Sources */ = {isa = PBXBuildFile; fileRef = 5A8CF24A2029C0BF00A1F24E /* AppDelegate.swift */; };
		5A8CF24D2029C0BF00A1F24E /* ViewController.swift in Sources */ = {isa = PBXBuildFile; fileRef = 5A8CF24C2029C0BF00A1F24E /* ViewController.swift */; };
		5A8CF2502029C0BF00A1F24E /* Main.storyboard in Resources */ = {isa = PBXBuildFile; fileRef = 5A8CF24E2029C0BF00A1F24E /* Main.storyboard */; };
		5A8CF2522029C0BF00A1F24E /* Assets.xcassets in Resources */ = {isa = PBXBuildFile; fileRef = 5A8CF2512029C0BF00A1F24E /* Assets.xcassets */; };
		5A8CF2552029C0BF00A1F24E /* LaunchScreen.storyboard in Resources */ = {isa = PBXBuildFile; fileRef = 5A8CF2532029C0BF00A1F24E /* LaunchScreen.storyboard */; };
		5A8CF25D2029C1AB00A1F24E /* SwipableLabel.swift in Sources */ = {isa = PBXBuildFile; fileRef = 5A8CF25C2029C1AB00A1F24E /* SwipableLabel.swift */; };
/* End PBXBuildFile section */

/* Begin PBXFileReference section */
		5A3AB5D2202ABCD600F7B2C1 /* SwipeDirection.swift */ = {isa = PBXFileReference; lastKnownFileType = sourcecode.swift; path = SwipeDirection.swift; sourceTree = "<group>"; };
		5A8CF2472029C0BF00A1F24E /* CustomControlTest.app */ = {isa = PBXFileReference; explicitFileType = wrapper.application; includeInIndex = 0; path = CustomControlTest.app; sourceTree = BUILT_PRODUCTS_DIR; };
		5A8CF24A2029C0BF00A1F24E /* AppDelegate.swift */ = {isa = PBXFileReference; lastKnownFileType = sourcecode.swift; path = AppDelegate.swift; sourceTree = "<group>"; };
		5A8CF24C2029C0BF00A1F24E /* ViewController.swift */ = {isa = PBXFileReference; lastKnownFileType = sourcecode.swift; path = ViewController.swift; sourceTree = "<group>"; };
		5A8CF24F2029C0BF00A1F24E /* Base */ = {isa = PBXFileReference; lastKnownFileType = file.storyboard; name = Base; path = Base.lproj/Main.storyboard; sourceTree = "<group>"; };
		5A8CF2512029C0BF00A1F24E /* Assets.xcassets */ = {isa = PBXFileReference; lastKnownFileType = folder.assetcatalog; path = Assets.xcassets; sourceTree = "<group>"; };
		5A8CF2542029C0BF00A1F24E /* Base */ = {isa = PBXFileReference; lastKnownFileType = file.storyboard; name = Base; path = Base.lproj/LaunchScreen.storyboard; sourceTree = "<group>"; };
		5A8CF2562029C0BF00A1F24E /* Info.plist */ = {isa = PBXFileReference; lastKnownFileType = text.plist.xml; path = Info.plist; sourceTree = "<group>"; };
		5A8CF25C2029C1AB00A1F24E /* SwipableLabel.swift */ = {isa = PBXFileReference; lastKnownFileType = sourcecode.swift; path = SwipableLabel.swift; sourceTree = "<group>"; };
/* End PBXFileReference section */

/* Begin PBXFrameworksBuildPhase section */
		5A8CF2442029C0BF00A1F24E /* Frameworks */ = {
			isa = PBXFrameworksBuildPhase;
			buildActionMask = 2147483647;
			files = (
			);
			runOnlyForDeploymentPostprocessing = 0;
		};
/* End PBXFrameworksBuildPhase section */

/* Begin PBXGroup section */
		5A8CF23E2029C0BF00A1F24E = {
			isa = PBXGroup;
			children = (
				5A8CF2492029C0BF00A1F24E /* CustomControlTest */,
				5A8CF2482029C0BF00A1F24E /* Products */,
			);
			sourceTree = "<group>";
		};
		5A8CF2482029C0BF00A1F24E /* Products */ = {
			isa = PBXGroup;
			children = (
				5A8CF2472029C0BF00A1F24E /* CustomControlTest.app */,
			);
			name = Products;
			sourceTree = "<group>";
		};
		5A8CF2492029C0BF00A1F24E /* CustomControlTest */ = {
			isa = PBXGroup;
			children = (
				5A8CF24A2029C0BF00A1F24E /* AppDelegate.swift */,
				5A8CF24C2029C0BF00A1F24E /* ViewController.swift */,
				5A8CF24E2029C0BF00A1F24E /* Main.storyboard */,
				5A8CF2512029C0BF00A1F24E /* Assets.xcassets */,
				5A8CF2532029C0BF00A1F24E /* LaunchScreen.storyboard */,
				5A8CF2562029C0BF00A1F24E /* Info.plist */,
				5A8CF25C2029C1AB00A1F24E /* SwipableLabel.swift */,
				5A3AB5D2202ABCD600F7B2C1 /* SwipeDirection.swift */,
			);
			path = CustomControlTest;
			sourceTree = "<group>";
		};
/* End PBXGroup section */

/* Begin PBXNativeTarget section */
		5A8CF2462029C0BF00A1F24E /* CustomControlTest */ = {
			isa = PBXNativeTarget;
			buildConfigurationList = 5A8CF2592029C0BF00A1F24E /* Build configuration list for PBXNativeTarget "CustomControlTest" */;
			buildPhases = (
				5A8CF2432029C0BF00A1F24E /* Sources */,
				5A8CF2442029C0BF00A1F24E /* Frameworks */,
				5A8CF2452029C0BF00A1F24E /* Resources */,
			);
			buildRules = (
			);
			dependencies = (
			);
			name = CustomControlTest;
			productName = CustomControlTest;
			productReference = 5A8CF2472029C0BF00A1F24E /* CustomControlTest.app */;
			productType = "com.apple.product-type.application";
		};
/* End PBXNativeTarget section */

/* Begin PBXProject section */
		5A8CF23F2029C0BF00A1F24E /* Project object */ = {
			isa = PBXProject;
			attributes = {
				LastSwiftUpdateCheck = 0920;
				LastUpgradeCheck = 0920;
				ORGANIZATIONNAME = personal;
				TargetAttributes = {
					5A8CF2462029C0BF00A1F24E = {
						CreatedOnToolsVersion = 9.2;
						ProvisioningStyle = Automatic;
					};
				};
			};
			buildConfigurationList = 5A8CF2422029C0BF00A1F24E /* Build configuration list for PBXProject "CustomControlTest" */;
			compatibilityVersion = "Xcode 8.0";
			developmentRegion = en;
			hasScannedForEncodings = 0;
			knownRegions = (
				en,
				Base,
			);
			mainGroup = 5A8CF23E2029C0BF00A1F24E;
			productRefGroup = 5A8CF2482029C0BF00A1F24E /* Products */;
			projectDirPath = "";
			projectRoot = "";
			targets = (
				5A8CF2462029C0BF00A1F24E /* CustomControlTest */,
			);
		};
/* End PBXProject section */

/* Begin PBXResourcesBuildPhase section */
		5A8CF2452029C0BF00A1F24E /* Resources */ = {
			isa = PBXResourcesBuildPhase;
			buildActionMask = 2147483647;
			files = (
				5A8CF2552029C0BF00A1F24E /* LaunchScreen.storyboard in Resources */,
				5A8CF2522029C0BF00A1F24E /* Assets.xcassets in Resources */,
				5A8CF2502029C0BF00A1F24E /* Main.storyboard in Resources */,
			);
			runOnlyForDeploymentPostprocessing = 0;
		};
/* End PBXResourcesBuildPhase section */

/* Begin PBXSourcesBuildPhase section */
		5A8CF2432029C0BF00A1F24E /* Sources */ = {
			isa = PBXSourcesBuildPhase;
			buildActionMask = 2147483647;
			files = (
				5A3AB5D3202ABCD600F7B2C1 /* SwipeDirection.swift in Sources */,
				5A8CF24D2029C0BF00A1F24E /* ViewController.swift in Sources */,
				5A8CF24B2029C0BF00A1F24E /* AppDelegate.swift in Sources */,
				5A8CF25D2029C1AB00A1F24E /* SwipableLabel.swift in Sources */,
			);
			runOnlyForDeploymentPostprocessing = 0;
		};
/* End PBXSourcesBuildPhase section */

/* Begin PBXVariantGroup section */
		5A8CF24E2029C0BF00A1F24E /* Main.storyboard */ = {
			isa = PBXVariantGroup;
			children = (
				5A8CF24F2029C0BF00A1F24E /* Base */,
			);
			name = Main.storyboard;
			sourceTree = "<group>";
		};
		5A8CF2532029C0BF00A1F24E /* LaunchScreen.storyboard */ = {
			isa = PBXVariantGroup;
			children = (
				5A8CF2542029C0BF00A1F24E /* Base */,
			);
			name = LaunchScreen.storyboard;
			sourceTree = "<group>";
		};
/* End PBXVariantGroup section */

/* Begin XCBuildConfiguration section */
		5A8CF2572029C0BF00A1F24E /* Debug */ = {
			isa = XCBuildConfiguration;
			buildSettings = {
				ALWAYS_SEARCH_USER_PATHS = NO;
				CLANG_ANALYZER_NONNULL = YES;
				CLANG_ANALYZER_NUMBER_OBJECT_CONVERSION = YES_AGGRESSIVE;
				CLANG_CXX_LANGUAGE_STANDARD = "gnu++14";
				CLANG_CXX_LIBRARY = "libc++";
				CLANG_ENABLE_MODULES = YES;
				CLANG_ENABLE_OBJC_ARC = YES;
				CLANG_WARN_BLOCK_CAPTURE_AUTORELEASING = YES;
				CLANG_WARN_BOOL_CONVERSION = YES;
				CLANG_WARN_COMMA = YES;
				CLANG_WARN_CONSTANT_CONVERSION = YES;
				CLANG_WARN_DIRECT_OBJC_ISA_USAGE = YES_ERROR;
				CLANG_WARN_DOCUMENTATION_COMMENTS = YES;
				CLANG_WARN_EMPTY_BODY = YES;
				CLANG_WARN_ENUM_CONVERSION = YES;
				CLANG_WARN_INFINITE_RECURSION = YES;
				CLANG_WARN_INT_CONVERSION = YES;
				CLANG_WARN_NON_LITERAL_NULL_CONVERSION = YES;
				CLANG_WARN_OBJC_LITERAL_CONVERSION = YES;
				CLANG_WARN_OBJC_ROOT_CLASS = YES_ERROR;
				CLANG_WARN_RANGE_LOOP_ANALYSIS = YES;
				CLANG_WARN_STRICT_PROTOTYPES = YES;
				CLANG_WARN_SUSPICIOUS_MOVE = YES;
				CLANG_WARN_UNGUARDED_AVAILABILITY = YES_AGGRESSIVE;
				CLANG_WARN_UNREACHABLE_CODE = YES;
				CLANG_WARN__DUPLICATE_METHOD_MATCH = YES;
				CODE_SIGN_IDENTITY = "iPhone Developer";
				COPY_PHASE_STRIP = NO;
				DEBUG_INFORMATION_FORMAT = dwarf;
				ENABLE_STRICT_OBJC_MSGSEND = YES;
				ENABLE_TESTABILITY = YES;
				GCC_C_LANGUAGE_STANDARD = gnu11;
				GCC_DYNAMIC_NO_PIC = NO;
				GCC_NO_COMMON_BLOCKS = YES;
				GCC_OPTIMIZATION_LEVEL = 0;
				GCC_PREPROCESSOR_DEFINITIONS = (
					"DEBUG=1",
					"$(inherited)",
				);
				GCC_WARN_64_TO_32_BIT_CONVERSION = YES;
				GCC_WARN_ABOUT_RETURN_TYPE = YES_ERROR;
				GCC_WARN_UNDECLARED_SELECTOR = YES;
				GCC_WARN_UNINITIALIZED_AUTOS = YES_AGGRESSIVE;
				GCC_WARN_UNUSED_FUNCTION = YES;
				GCC_WARN_UNUSED_VARIABLE = YES;
				IPHONEOS_DEPLOYMENT_TARGET = 11.2;
				MTL_ENABLE_DEBUG_INFO = YES;
				ONLY_ACTIVE_ARCH = YES;
				SDKROOT = iphoneos;
				SWIFT_ACTIVE_COMPILATION_CONDITIONS = DEBUG;
				SWIFT_OPTIMIZATION_LEVEL = "-Onone";
			};
			name = Debug;
		};
		5A8CF2582029C0BF00A1F24E /* Release */ = {
			isa = XCBuildConfiguration;
			buildSettings = {
				ALWAYS_SEARCH_USER_PATHS = NO;
				CLANG_ANALYZER_NONNULL = YES;
				CLANG_ANALYZER_NUMBER_OBJECT_CONVERSION = YES_AGGRESSIVE;
				CLANG_CXX_LANGUAGE_STANDARD = "gnu++14";
				CLANG_CXX_LIBRARY = "libc++";
				CLANG_ENABLE_MODULES = YES;
				CLANG_ENABLE_OBJC_ARC = YES;
				CLANG_WARN_BLOCK_CAPTURE_AUTORELEASING = YES;
				CLANG_WARN_BOOL_CONVERSION = YES;
				CLANG_WARN_COMMA = YES;
				CLANG_WARN_CONSTANT_CONVERSION = YES;
				CLANG_WARN_DIRECT_OBJC_ISA_USAGE = YES_ERROR;
				CLANG_WARN_DOCUMENTATION_COMMENTS = YES;
				CLANG_WARN_EMPTY_BODY = YES;
				CLANG_WARN_ENUM_CONVERSION = YES;
				CLANG_WARN_INFINITE_RECURSION = YES;
				CLANG_WARN_INT_CONVERSION = YES;
				CLANG_WARN_NON_LITERAL_NULL_CONVERSION = YES;
				CLANG_WARN_OBJC_LITERAL_CONVERSION = YES;
				CLANG_WARN_OBJC_ROOT_CLASS = YES_ERROR;
				CLANG_WARN_RANGE_LOOP_ANALYSIS = YES;
				CLANG_WARN_STRICT_PROTOTYPES = YES;
				CLANG_WARN_SUSPICIOUS_MOVE = YES;
				CLANG_WARN_UNGUARDED_AVAILABILITY = YES_AGGRESSIVE;
				CLANG_WARN_UNREACHABLE_CODE = YES;
				CLANG_WARN__DUPLICATE_METHOD_MATCH = YES;
				CODE_SIGN_IDENTITY = "iPhone Developer";
				COPY_PHASE_STRIP = NO;
				DEBUG_INFORMATION_FORMAT = "dwarf-with-dsym";
				ENABLE_NS_ASSERTIONS = NO;
				ENABLE_STRICT_OBJC_MSGSEND = YES;
				GCC_C_LANGUAGE_STANDARD = gnu11;
				GCC_NO_COMMON_BLOCKS = YES;
				GCC_WARN_64_TO_32_BIT_CONVERSION = YES;
				GCC_WARN_ABOUT_RETURN_TYPE = YES_ERROR;
				GCC_WARN_UNDECLARED_SELECTOR = YES;
				GCC_WARN_UNINITIALIZED_AUTOS = YES_AGGRESSIVE;
				GCC_WARN_UNUSED_FUNCTION = YES;
				GCC_WARN_UNUSED_VARIABLE = YES;
				IPHONEOS_DEPLOYMENT_TARGET = 11.2;
				MTL_ENABLE_DEBUG_INFO = NO;
				SDKROOT = iphoneos;
				SWIFT_OPTIMIZATION_LEVEL = "-Owholemodule";
				VALIDATE_PRODUCT = YES;
			};
			name = Release;
		};
		5A8CF25A2029C0BF00A1F24E /* Debug */ = {
			isa = XCBuildConfiguration;
			buildSettings = {
				ASSETCATALOG_COMPILER_APPICON_NAME = AppIcon;
				CODE_SIGN_STYLE = Automatic;
				DEVELOPMENT_TEAM = R2ESGSL5P9;
				INFOPLIST_FILE = CustomControlTest/Info.plist;
				IPHONEOS_DEPLOYMENT_TARGET = 10.0;
				LD_RUNPATH_SEARCH_PATHS = "$(inherited) @executable_path/Frameworks";
				PRODUCT_BUNDLE_IDENTIFIER = hPark.CustomControlTest;
				PRODUCT_NAME = "$(TARGET_NAME)";
				SWIFT_VERSION = 4.0;
				TARGETED_DEVICE_FAMILY = "1,2";
			};
			name = Debug;
		};
		5A8CF25B2029C0BF00A1F24E /* Release */ = {
			isa = XCBuildConfiguration;
			buildSettings = {
				ASSETCATALOG_COMPILER_APPICON_NAME = AppIcon;
				CODE_SIGN_STYLE = Automatic;
				DEVELOPMENT_TEAM = R2ESGSL5P9;
				INFOPLIST_FILE = CustomControlTest/Info.plist;
				IPHONEOS_DEPLOYMENT_TARGET = 10.0;
				LD_RUNPATH_SEARCH_PATHS = "$(inherited) @executable_path/Frameworks";
				PRODUCT_BUNDLE_IDENTIFIER = hPark.CustomControlTest;
				PRODUCT_NAME = "$(TARGET_NAME)";
				SWIFT_VERSION = 4.0;
				TARGETED_DEVICE_FAMILY = "1,2";
			};
			name = Release;
		};
/* End XCBuildConfiguration section */

/* Begin XCConfigurationList section */
		5A8CF2422029C0BF00A1F24E /* Build configuration list for PBXProject "CustomControlTest" */ = {
			isa = XCConfigurationList;
			buildConfigurations = (
				5A8CF2572029C0BF00A1F24E /* Debug */,
				5A8CF2582029C0BF00A1F24E /* Release */,
			);
			defaultConfigurationIsVisible = 0;
			defaultConfigurationName = Release;
		};
		5A8CF2592029C0BF00A1F24E /* Build configuration list for PBXNativeTarget "CustomControlTest" */ = {
			isa = XCConfigurationList;
			buildConfigurations = (
				5A8CF25A2029C0BF00A1F24E /* Debug */,
				5A8CF25B2029C0BF00A1F24E /* Release */,
			);
			defaultConfigurationIsVisible = 0;
			defaultConfigurationName = Release;
		};
/* End XCConfigurationList section */
	};
	rootObject = 5A8CF23F2029C0BF00A1F24E /* Project object */;
}
